
Microsoft Visual Studio Solution File, Format Version 12.00
# Visual Studio Version 16
VisualStudioVersion = 16.0.32106.194
MinimumVisualStudioVersion = 10.0.40219.1
Project("{FAE04EC0-301F-11D3-BF4B-00C04F79EFBC}") = "ImageDetection", "ImageDetection\ImageDetection.csproj", "{D4BCDBF2-E8FA-4913-BB71-57F781AF91EF}"
EndProject
Global
	GlobalSection(SolutionConfigurationPlatforms) = preSolution
		Debug|Any CPU = Debug|Any CPU
		Release|Any CPU = Release|Any CPU
	EndGlobalSection
	GlobalSection(ProjectConfigurationPlatforms) = postSolution
		{D4BCDBF2-E8FA-4913-BB71-57F781AF91EF}.Debug|Any CPU.ActiveCfg = Debug|Any CPU
		{D4BCDBF2-E8FA-4913-BB71-57F781AF91EF}.Debug|Any CPU.Build.0 = Debug|Any CPU
		{D4BCDBF2-E8FA-4913-BB71-57F781AF91EF}.Release|Any CPU.ActiveCfg = Release|Any CPU
		{D4BCDBF2-E8FA-4913-BB71-57F781AF91EF}.Release|Any CPU.Build.0 = Release|Any CPU
	EndGlobalSection
	GlobalSection(SolutionProperties) = preSolution
		HideSolutionNode = FALSE
	EndGlobalSection
	GlobalSection(ExtensibilityGlobals) = postSolution
		SolutionGuid = {7EF84F5A-37E6-49B9-A9A8-7F4F757A77F9}
	EndGlobalSection
EndGlobal
